
Microsoft Visual Studio Solution File, Format Version 12.00
# Visual Studio 15
VisualStudioVersion = 15.0.27703.2026
MinimumVisualStudioVersion = 10.0.40219.1
Project("{FAE04EC0-301F-11D3-BF4B-00C04F79EFBC}") = "Bot Builder Echo Bot V4", "SimpleBot\Bot Builder Echo Bot V4\Bot Builder Echo Bot V4.csproj", "{5C9D9C01-0271-4292-B096-1A217192EDB2}"
EndProject
Project("{FAE04EC0-301F-11D3-BF4B-00C04F79EFBC}") = "Bot Builder Basic Bot V4", "SimpleBot\Bot Builder Basic Bot V4\Bot Builder Basic Bot V4.csproj", "{B7510A12-E0A4-40D8-AAF4-1F5687DDB926}"
EndProject
Global
	GlobalSection(SolutionConfigurationPlatforms) = preSolution
		Debug|Any CPU = Debug|Any CPU
		Release|Any CPU = Release|Any CPU
	EndGlobalSection
	GlobalSection(ProjectConfigurationPlatforms) = postSolution
		{5C9D9C01-0271-4292-B096-1A217192EDB2}.Debug|Any CPU.ActiveCfg = Debug|Any CPU
		{5C9D9C01-0271-4292-B096-1A217192EDB2}.Debug|Any CPU.Build.0 = Debug|Any CPU
		{5C9D9C01-0271-4292-B096-1A217192EDB2}.Release|Any CPU.ActiveCfg = Release|Any CPU
		{5C9D9C01-0271-4292-B096-1A217192EDB2}.Release|Any CPU.Build.0 = Release|Any CPU
		{B7510A12-E0A4-40D8-AAF4-1F5687DDB926}.Debug|Any CPU.ActiveCfg = Debug|Any CPU
		{B7510A12-E0A4-40D8-AAF4-1F5687DDB926}.Debug|Any CPU.Build.0 = Debug|Any CPU
		{B7510A12-E0A4-40D8-AAF4-1F5687DDB926}.Release|Any CPU.ActiveCfg = Release|Any CPU
		{B7510A12-E0A4-40D8-AAF4-1F5687DDB926}.Release|Any CPU.Build.0 = Release|Any CPU
	EndGlobalSection
	GlobalSection(SolutionProperties) = preSolution
		HideSolutionNode = FALSE
	EndGlobalSection
	GlobalSection(ExtensibilityGlobals) = postSolution
		SolutionGuid = {E77027A4-E28E-4B78-A40C-899536E6DBBA}
	EndGlobalSection
EndGlobal
